
Microsoft Visual Studio Solution File, Format Version 12.00
# Visual Studio Version 16
VisualStudioVersion = 16.6.30114.105
MinimumVisualStudioVersion = 10.0.40219.1
Project("{FAE04EC0-301F-11D3-BF4B-00C04F79EFBC}") = "API", "API\API.csproj", "{2AAC86AE-A9F2-4DB1-9AA8-1CAF7B7689F2}"
EndProject
Project("{FAE04EC0-301F-11D3-BF4B-00C04F79EFBC}") = "Application", "Application\Application.csproj", "{2EBB1BAB-3C85-466B-9EC3-D447A0ABC284}"
EndProject
Project("{FAE04EC0-301F-11D3-BF4B-00C04F79EFBC}") = "Persistence", "Persistence\Persistence.csproj", "{B668C80B-5331-4790-BF49-72C04EBB863B}"
EndProject
Project("{FAE04EC0-301F-11D3-BF4B-00C04F79EFBC}") = "Domain", "Domain\Domain.csproj", "{50319D86-3869-478C-87DC-A642E3DD85EC}"
EndProject
Global
	GlobalSection(SolutionConfigurationPlatforms) = preSolution
		Debug|Any CPU = Debug|Any CPU
		Debug|x64 = Debug|x64
		Debug|x86 = Debug|x86
		Release|Any CPU = Release|Any CPU
		Release|x64 = Release|x64
		Release|x86 = Release|x86
	EndGlobalSection
	GlobalSection(SolutionProperties) = preSolution
		HideSolutionNode = FALSE
	EndGlobalSection
	GlobalSection(ProjectConfigurationPlatforms) = postSolution
		{2AAC86AE-A9F2-4DB1-9AA8-1CAF7B7689F2}.Debug|Any CPU.ActiveCfg = Debug|Any CPU
		{2AAC86AE-A9F2-4DB1-9AA8-1CAF7B7689F2}.Debug|Any CPU.Build.0 = Debug|Any CPU
		{2AAC86AE-A9F2-4DB1-9AA8-1CAF7B7689F2}.Debug|x64.ActiveCfg = Debug|Any CPU
		{2AAC86AE-A9F2-4DB1-9AA8-1CAF7B7689F2}.Debug|x64.Build.0 = Debug|Any CPU
		{2AAC86AE-A9F2-4DB1-9AA8-1CAF7B7689F2}.Debug|x86.ActiveCfg = Debug|Any CPU
		{2AAC86AE-A9F2-4DB1-9AA8-1CAF7B7689F2}.Debug|x86.Build.0 = Debug|Any CPU
		{2AAC86AE-A9F2-4DB1-9AA8-1CAF7B7689F2}.Release|Any CPU.ActiveCfg = Release|Any CPU
		{2AAC86AE-A9F2-4DB1-9AA8-1CAF7B7689F2}.Release|Any CPU.Build.0 = Release|Any CPU
		{2AAC86AE-A9F2-4DB1-9AA8-1CAF7B7689F2}.Release|x64.ActiveCfg = Release|Any CPU
		{2AAC86AE-A9F2-4DB1-9AA8-1CAF7B7689F2}.Release|x64.Build.0 = Release|Any CPU
		{2AAC86AE-A9F2-4DB1-9AA8-1CAF7B7689F2}.Release|x86.ActiveCfg = Release|Any CPU
		{2AAC86AE-A9F2-4DB1-9AA8-1CAF7B7689F2}.Release|x86.Build.0 = Release|Any CPU
		{2EBB1BAB-3C85-466B-9EC3-D447A0ABC284}.Debug|Any CPU.ActiveCfg = Debug|Any CPU
		{2EBB1BAB-3C85-466B-9EC3-D447A0ABC284}.Debug|Any CPU.Build.0 = Debug|Any CPU
		{2EBB1BAB-3C85-466B-9EC3-D447A0ABC284}.Debug|x64.ActiveCfg = Debug|Any CPU
		{2EBB1BAB-3C85-466B-9EC3-D447A0ABC284}.Debug|x64.Build.0 = Debug|Any CPU
		{2EBB1BAB-3C85-466B-9EC3-D447A0ABC284}.Debug|x86.ActiveCfg = Debug|Any CPU
		{2EBB1BAB-3C85-466B-9EC3-D447A0ABC284}.Debug|x86.Build.0 = Debug|Any CPU
		{2EBB1BAB-3C85-466B-9EC3-D447A0ABC284}.Release|Any CPU.ActiveCfg = Release|Any CPU
		{2EBB1BAB-3C85-466B-9EC3-D447A0ABC284}.Release|Any CPU.Build.0 = Release|Any CPU
		{2EBB1BAB-3C85-466B-9EC3-D447A0ABC284}.Release|x64.ActiveCfg = Release|Any CPU
		{2EBB1BAB-3C85-466B-9EC3-D447A0ABC284}.Release|x64.Build.0 = Release|Any CPU
		{2EBB1BAB-3C85-466B-9EC3-D447A0ABC284}.Release|x86.ActiveCfg = Release|Any CPU
		{2EBB1BAB-3C85-466B-9EC3-D447A0ABC284}.Release|x86.Build.0 = Release|Any CPU
		{B668C80B-5331-4790-BF49-72C04EBB863B}.Debug|Any CPU.ActiveCfg = Debug|Any CPU
		{B668C80B-5331-4790-BF49-72C04EBB863B}.Debug|Any CPU.Build.0 = Debug|Any CPU
		{B668C80B-5331-4790-BF49-72C04EBB863B}.Debug|x64.ActiveCfg = Debug|Any CPU
		{B668C80B-5331-4790-BF49-72C04EBB863B}.Debug|x64.Build.0 = Debug|Any CPU
		{B668C80B-5331-4790-BF49-72C04EBB863B}.Debug|x86.ActiveCfg = Debug|Any CPU
		{B668C80B-5331-4790-BF49-72C04EBB863B}.Debug|x86.Build.0 = Debug|Any CPU
		{B668C80B-5331-4790-BF49-72C04EBB863B}.Release|Any CPU.ActiveCfg = Release|Any CPU
		{B668C80B-5331-4790-BF49-72C04EBB863B}.Release|Any CPU.Build.0 = Release|Any CPU
		{B668C80B-5331-4790-BF49-72C04EBB863B}.Release|x64.ActiveCfg = Release|Any CPU
		{B668C80B-5331-4790-BF49-72C04EBB863B}.Release|x64.Build.0 = Release|Any CPU
		{B668C80B-5331-4790-BF49-72C04EBB863B}.Release|x86.ActiveCfg = Release|Any CPU
		{B668C80B-5331-4790-BF49-72C04EBB863B}.Release|x86.Build.0 = Release|Any CPU
		{50319D86-3869-478C-87DC-A642E3DD85EC}.Debug|Any CPU.ActiveCfg = Debug|Any CPU
		{50319D86-3869-478C-87DC-A642E3DD85EC}.Debug|Any CPU.Build.0 = Debug|Any CPU
		{50319D86-3869-478C-87DC-A642E3DD85EC}.Debug|x64.ActiveCfg = Debug|Any CPU
		{50319D86-3869-478C-87DC-A642E3DD85EC}.Debug|x64.Build.0 = Debug|Any CPU
		{50319D86-3869-478C-87DC-A642E3DD85EC}.Debug|x86.ActiveCfg = Debug|Any CPU
		{50319D86-3869-478C-87DC-A642E3DD85EC}.Debug|x86.Build.0 = Debug|Any CPU
		{50319D86-3869-478C-87DC-A642E3DD85EC}.Release|Any CPU.ActiveCfg = Release|Any CPU
		{50319D86-3869-478C-87DC-A642E3DD85EC}.Release|Any CPU.Build.0 = Release|Any CPU
		{50319D86-3869-478C-87DC-A642E3DD85EC}.Release|x64.ActiveCfg = Release|Any CPU
		{50319D86-3869-478C-87DC-A642E3DD85EC}.Release|x64.Build.0 = Release|Any CPU
		{50319D86-3869-478C-87DC-A642E3DD85EC}.Release|x86.ActiveCfg = Release|Any CPU
		{50319D86-3869-478C-87DC-A642E3DD85EC}.Release|x86.Build.0 = Release|Any CPU
	EndGlobalSection
EndGlobal
